
Microsoft Visual Studio Solution File, Format Version 12.00
# Visual Studio Version 17
VisualStudioVersion = 17.2.32630.192
MinimumVisualStudioVersion = 10.0.40219.1
Project("{2150E333-8FDC-42A3-9474-1A3956D46DE8}") = "src", "src", "{2877D4FA-EA1E-4261-B060-782B878F6D31}"
EndProject
Project("{2150E333-8FDC-42A3-9474-1A3956D46DE8}") = "Api", "Api", "{923AD2CF-6231-4C55-91DB-C3C5BCB4FD02}"
EndProject
Project("{2150E333-8FDC-42A3-9474-1A3956D46DE8}") = "Core", "Core", "{DFD41D85-A37F-4E72-B8EE-260AFF53DA07}"
EndProject
Project("{2150E333-8FDC-42A3-9474-1A3956D46DE8}") = "Infrastructure", "Infrastructure", "{5196C62D-5C4D-4C9B-9A21-3E67A0382DED}"
EndProject
Project("{2150E333-8FDC-42A3-9474-1A3956D46DE8}") = "WepApi", "WepApi", "{E2AE8001-FE65-46D1-9E13-19ACE0124917}"
EndProject
Project("{2150E333-8FDC-42A3-9474-1A3956D46DE8}") = "Clients", "Clients", "{BFAFAC6E-270B-4FEF-BD3A-9A1853980ADA}"
EndProject
Project("{2150E333-8FDC-42A3-9474-1A3956D46DE8}") = "Common", "Common", "{2867A94D-54EE-4106-93FD-A5763C7B92F8}"
EndProject
Project("{2150E333-8FDC-42A3-9474-1A3956D46DE8}") = "Projections", "Projections", "{6838E4FC-B361-41F0-9155-6285EB64439D}"
EndProject
Project("{2150E333-8FDC-42A3-9474-1A3956D46DE8}") = "BlazorWeb", "BlazorWeb", "{1786D01D-9427-4FAB-AEFD-E2DFB3029EC6}"
EndProject
Project("{FAE04EC0-301F-11D3-BF4B-00C04F79EFBC}") = "BlazorSozluk.Common", "src\Common\BlazorSozluk.Common\BlazorSozluk.Common.csproj", "{91994AE4-67FE-4CCF-95C5-0F0D6BE78B02}"
EndProject
Project("{FAE04EC0-301F-11D3-BF4B-00C04F79EFBC}") = "BlazorSozluk.Api.Domain", "src\Api\Core\BlazorSozluk.Api\BlazorSozluk.Api.Domain.csproj", "{4ADCD97B-1328-4625-8000-24055399CE32}"
EndProject
Project("{FAE04EC0-301F-11D3-BF4B-00C04F79EFBC}") = "BlazorSozluk.Api.Application", "src\Api\Core\BlazorSozluk.Api.Application\BlazorSozluk.Api.Application.csproj", "{38EAEBE0-7A4C-402E-8545-0C8D871A48B1}"
EndProject
Project("{FAE04EC0-301F-11D3-BF4B-00C04F79EFBC}") = "BlazorSozluk.Infrastructure.Persistence", "src\Api\Infrastructure\BlazorSozluk.Infrastructure.Persistence\BlazorSozluk.Infrastructure.Persistence.csproj", "{9FDAED45-99F8-463F-81B6-B706ECECFC9B}"
EndProject
Project("{FAE04EC0-301F-11D3-BF4B-00C04F79EFBC}") = "BlazorSozluk.Api.WebApi", "src\Api\WebApi\BlazorSozluk.Api.WebApi\BlazorSozluk.Api.WebApi.csproj", "{9925C720-6535-4403-91F5-7211BA3727A1}"
EndProject
Project("{FAE04EC0-301F-11D3-BF4B-00C04F79EFBC}") = "BlazorSozluk.Projections.FavoriteService", "src\Projections\BlazorSozluk.Projections.FavoriteService\BlazorSozluk.Projections.FavoriteService.csproj", "{4E20D7A5-0420-4B5E-8D03-2BEB29E21566}"
EndProject
Project("{FAE04EC0-301F-11D3-BF4B-00C04F79EFBC}") = "BlazorSozluk.Projections.VoteService", "src\Projections\BlazorSozluk.Projections.VoteService\BlazorSozluk.Projections.VoteService.csproj", "{092CEDC1-7206-4A84-8CC6-34577154312F}"
EndProject
Project("{FAE04EC0-301F-11D3-BF4B-00C04F79EFBC}") = "BlazorSozluk.Projections.UserService", "src\Projections\BlazorSozluk.Projections.UserService\BlazorSozluk.Projections.UserService.csproj", "{0819483B-4457-4F44-9973-EB38E821FE03}"
EndProject
Project("{FAE04EC0-301F-11D3-BF4B-00C04F79EFBC}") = "BlazorSozlukWebApp", "src\Clients\BlazorWeb\BlazorSozlukWebApp\BlazorSozlukWebApp.csproj", "{8D59D644-5F1D-43E8-8516-659FD2800BA4}"
EndProject
Global
	GlobalSection(SolutionConfigurationPlatforms) = preSolution
		Debug|Any CPU = Debug|Any CPU
		Release|Any CPU = Release|Any CPU
	EndGlobalSection
	GlobalSection(ProjectConfigurationPlatforms) = postSolution
		{91994AE4-67FE-4CCF-95C5-0F0D6BE78B02}.Debug|Any CPU.ActiveCfg = Debug|Any CPU
		{91994AE4-67FE-4CCF-95C5-0F0D6BE78B02}.Debug|Any CPU.Build.0 = Debug|Any CPU
		{91994AE4-67FE-4CCF-95C5-0F0D6BE78B02}.Release|Any CPU.ActiveCfg = Release|Any CPU
		{91994AE4-67FE-4CCF-95C5-0F0D6BE78B02}.Release|Any CPU.Build.0 = Release|Any CPU
		{4ADCD97B-1328-4625-8000-24055399CE32}.Debug|Any CPU.ActiveCfg = Debug|Any CPU
		{4ADCD97B-1328-4625-8000-24055399CE32}.Debug|Any CPU.Build.0 = Debug|Any CPU
		{4ADCD97B-1328-4625-8000-24055399CE32}.Release|Any CPU.ActiveCfg = Release|Any CPU
		{4ADCD97B-1328-4625-8000-24055399CE32}.Release|Any CPU.Build.0 = Release|Any CPU
		{38EAEBE0-7A4C-402E-8545-0C8D871A48B1}.Debug|Any CPU.ActiveCfg = Debug|Any CPU
		{38EAEBE0-7A4C-402E-8545-0C8D871A48B1}.Debug|Any CPU.Build.0 = Debug|Any CPU
		{38EAEBE0-7A4C-402E-8545-0C8D871A48B1}.Release|Any CPU.ActiveCfg = Release|Any CPU
		{38EAEBE0-7A4C-402E-8545-0C8D871A48B1}.Release|Any CPU.Build.0 = Release|Any CPU
		{9FDAED45-99F8-463F-81B6-B706ECECFC9B}.Debug|Any CPU.ActiveCfg = Debug|Any CPU
		{9FDAED45-99F8-463F-81B6-B706ECECFC9B}.Debug|Any CPU.Build.0 = Debug|Any CPU
		{9FDAED45-99F8-463F-81B6-B706ECECFC9B}.Release|Any CPU.ActiveCfg = Release|Any CPU
		{9FDAED45-99F8-463F-81B6-B706ECECFC9B}.Release|Any CPU.Build.0 = Release|Any CPU
		{9925C720-6535-4403-91F5-7211BA3727A1}.Debug|Any CPU.ActiveCfg = Debug|Any CPU
		{9925C720-6535-4403-91F5-7211BA3727A1}.Debug|Any CPU.Build.0 = Debug|Any CPU
		{9925C720-6535-4403-91F5-7211BA3727A1}.Release|Any CPU.ActiveCfg = Release|Any CPU
		{9925C720-6535-4403-91F5-7211BA3727A1}.Release|Any CPU.Build.0 = Release|Any CPU
		{4E20D7A5-0420-4B5E-8D03-2BEB29E21566}.Debug|Any CPU.ActiveCfg = Debug|Any CPU
		{4E20D7A5-0420-4B5E-8D03-2BEB29E21566}.Debug|Any CPU.Build.0 = Debug|Any CPU
		{4E20D7A5-0420-4B5E-8D03-2BEB29E21566}.Release|Any CPU.ActiveCfg = Release|Any CPU
		{4E20D7A5-0420-4B5E-8D03-2BEB29E21566}.Release|Any CPU.Build.0 = Release|Any CPU
		{092CEDC1-7206-4A84-8CC6-34577154312F}.Debug|Any CPU.ActiveCfg = Debug|Any CPU
		{092CEDC1-7206-4A84-8CC6-34577154312F}.Debug|Any CPU.Build.0 = Debug|Any CPU
		{092CEDC1-7206-4A84-8CC6-34577154312F}.Release|Any CPU.ActiveCfg = Release|Any CPU
		{092CEDC1-7206-4A84-8CC6-34577154312F}.Release|Any CPU.Build.0 = Release|Any CPU
		{0819483B-4457-4F44-9973-EB38E821FE03}.Debug|Any CPU.ActiveCfg = Debug|Any CPU
		{0819483B-4457-4F44-9973-EB38E821FE03}.Debug|Any CPU.Build.0 = Debug|Any CPU
		{0819483B-4457-4F44-9973-EB38E821FE03}.Release|Any CPU.ActiveCfg = Release|Any CPU
		{0819483B-4457-4F44-9973-EB38E821FE03}.Release|Any CPU.Build.0 = Release|Any CPU
		{8D59D644-5F1D-43E8-8516-659FD2800BA4}.Debug|Any CPU.ActiveCfg = Debug|Any CPU
		{8D59D644-5F1D-43E8-8516-659FD2800BA4}.Debug|Any CPU.Build.0 = Debug|Any CPU
		{8D59D644-5F1D-43E8-8516-659FD2800BA4}.Release|Any CPU.ActiveCfg = Release|Any CPU
		{8D59D644-5F1D-43E8-8516-659FD2800BA4}.Release|Any CPU.Build.0 = Release|Any CPU
	EndGlobalSection
	GlobalSection(SolutionProperties) = preSolution
		HideSolutionNode = FALSE
	EndGlobalSection
	GlobalSection(NestedProjects) = preSolution
		{923AD2CF-6231-4C55-91DB-C3C5BCB4FD02} = {2877D4FA-EA1E-4261-B060-782B878F6D31}
		{DFD41D85-A37F-4E72-B8EE-260AFF53DA07} = {923AD2CF-6231-4C55-91DB-C3C5BCB4FD02}
		{5196C62D-5C4D-4C9B-9A21-3E67A0382DED} = {923AD2CF-6231-4C55-91DB-C3C5BCB4FD02}
		{E2AE8001-FE65-46D1-9E13-19ACE0124917} = {923AD2CF-6231-4C55-91DB-C3C5BCB4FD02}
		{BFAFAC6E-270B-4FEF-BD3A-9A1853980ADA} = {2877D4FA-EA1E-4261-B060-782B878F6D31}
		{2867A94D-54EE-4106-93FD-A5763C7B92F8} = {2877D4FA-EA1E-4261-B060-782B878F6D31}
		{6838E4FC-B361-41F0-9155-6285EB64439D} = {2877D4FA-EA1E-4261-B060-782B878F6D31}
		{1786D01D-9427-4FAB-AEFD-E2DFB3029EC6} = {BFAFAC6E-270B-4FEF-BD3A-9A1853980ADA}
		{91994AE4-67FE-4CCF-95C5-0F0D6BE78B02} = {2867A94D-54EE-4106-93FD-A5763C7B92F8}
		{4ADCD97B-1328-4625-8000-24055399CE32} = {DFD41D85-A37F-4E72-B8EE-260AFF53DA07}
		{38EAEBE0-7A4C-402E-8545-0C8D871A48B1} = {DFD41D85-A37F-4E72-B8EE-260AFF53DA07}
		{9FDAED45-99F8-463F-81B6-B706ECECFC9B} = {5196C62D-5C4D-4C9B-9A21-3E67A0382DED}
		{9925C720-6535-4403-91F5-7211BA3727A1} = {E2AE8001-FE65-46D1-9E13-19ACE0124917}
		{4E20D7A5-0420-4B5E-8D03-2BEB29E21566} = {6838E4FC-B361-41F0-9155-6285EB64439D}
		{092CEDC1-7206-4A84-8CC6-34577154312F} = {6838E4FC-B361-41F0-9155-6285EB64439D}
		{0819483B-4457-4F44-9973-EB38E821FE03} = {6838E4FC-B361-41F0-9155-6285EB64439D}
		{8D59D644-5F1D-43E8-8516-659FD2800BA4} = {1786D01D-9427-4FAB-AEFD-E2DFB3029EC6}
	EndGlobalSection
	GlobalSection(ExtensibilityGlobals) = postSolution
		SolutionGuid = {BD5A8908-7D23-498D-804C-1091076A34B7}
	EndGlobalSection
EndGlobal
